
Microsoft Visual Studio Solution File, Format Version 12.00
# Visual Studio Version 17
VisualStudioVersion = 17.9.34902.65
MinimumVisualStudioVersion = 10.0.40219.1
Project("{9A19103F-16F7-4668-BE54-9A1E7A4F7556}") = "AzureStorageEmulator.NET", "AzureSttorageEmulator.NET\AzureStorageEmulator.NET.csproj", "{90480603-8683-40FB-AA7C-3C31F26E2FD1}"
EndProject
Global
	GlobalSection(SolutionConfigurationPlatforms) = preSolution
		Debug|Any CPU = Debug|Any CPU
		Debug|x64 = Debug|x64
		Release|Any CPU = Release|Any CPU
		Release|x64 = Release|x64
	EndGlobalSection
	GlobalSection(ProjectConfigurationPlatforms) = postSolution
		{90480603-8683-40FB-AA7C-3C31F26E2FD1}.Debug|Any CPU.ActiveCfg = Debug|Any CPU
		{90480603-8683-40FB-AA7C-3C31F26E2FD1}.Debug|Any CPU.Build.0 = Debug|Any CPU
		{90480603-8683-40FB-AA7C-3C31F26E2FD1}.Debug|x64.ActiveCfg = Debug|x64
		{90480603-8683-40FB-AA7C-3C31F26E2FD1}.Debug|x64.Build.0 = Debug|x64
		{90480603-8683-40FB-AA7C-3C31F26E2FD1}.Release|Any CPU.ActiveCfg = Release|Any CPU
		{90480603-8683-40FB-AA7C-3C31F26E2FD1}.Release|Any CPU.Build.0 = Release|Any CPU
		{90480603-8683-40FB-AA7C-3C31F26E2FD1}.Release|x64.ActiveCfg = Debug|x64
		{90480603-8683-40FB-AA7C-3C31F26E2FD1}.Release|x64.Build.0 = Debug|x64
	EndGlobalSection
	GlobalSection(SolutionProperties) = preSolution
		HideSolutionNode = FALSE
	EndGlobalSection
	GlobalSection(ExtensibilityGlobals) = postSolution
		SolutionGuid = {0132F3EC-FA34-4EF8-92EA-C3FDF8904D3A}
	EndGlobalSection
EndGlobal
