
Microsoft Visual Studio Solution File, Format Version 12.00
# Visual Studio Version 17
VisualStudioVersion = 17.9.34902.65
MinimumVisualStudioVersion = 10.0.40219.1
Project("{9A19103F-16F7-4668-BE54-9A1E7A4F7556}") = "AzureStorageTable.NET", "AzureStorageTable.NET\AzureStorageTable.NET.csproj", "{4B99BB62-759F-4D11-816C-477FB88BB3B7}"
EndProject
Project("{9A19103F-16F7-4668-BE54-9A1E7A4F7556}") = "AzureStorageQueue.NET", "AzureSttorageQueue.NET\AzureStorageQueue.NET.csproj", "{97D743BD-BF8B-4168-861A-3DCDC26DEBCB}"
EndProject
Project("{9A19103F-16F7-4668-BE54-9A1E7A4F7556}") = "AzureStorageBlob.NET", "AzureStorageBlob.NET\AzureStorageBlob.NET.csproj", "{1519D436-6DA5-47EE-87A3-0807CB06F08E}"
EndProject
Project("{2150E333-8FDC-42A3-9474-1A3956D46DE8}") = "Solution Items", "Solution Items", "{BC6D3D20-121B-4553-9B85-00D86427CAED}"
	ProjectSection(SolutionItems) = preProject
		README.md = README.md
	EndProjectSection
EndProject
Project("{9A19103F-16F7-4668-BE54-9A1E7A4F7556}") = "PeriodicLogger", "PeriodicLogger\PeriodicLogger.csproj", "{81A6C8AB-B9BA-4487-BE57-D7316BBDC668}"
EndProject
Project("{FAE04EC0-301F-11D3-BF4B-00C04F79EFBC}") = "AzureStorageEmulatorTests", "AzureStorageEmulatorTests\AzureStorageEmulatorTests.csproj", "{D27419C3-A1F7-4792-AB6A-525A40D168BF}"
EndProject
Global
	GlobalSection(SolutionConfigurationPlatforms) = preSolution
		Debug|Any CPU = Debug|Any CPU
		Debug|x64 = Debug|x64
		Release|Any CPU = Release|Any CPU
		Release|x64 = Release|x64
	EndGlobalSection
	GlobalSection(ProjectConfigurationPlatforms) = postSolution
		{4B99BB62-759F-4D11-816C-477FB88BB3B7}.Debug|Any CPU.ActiveCfg = Debug|Any CPU
		{4B99BB62-759F-4D11-816C-477FB88BB3B7}.Debug|Any CPU.Build.0 = Debug|Any CPU
		{4B99BB62-759F-4D11-816C-477FB88BB3B7}.Debug|x64.ActiveCfg = Debug|Any CPU
		{4B99BB62-759F-4D11-816C-477FB88BB3B7}.Debug|x64.Build.0 = Debug|Any CPU
		{4B99BB62-759F-4D11-816C-477FB88BB3B7}.Release|Any CPU.ActiveCfg = Release|Any CPU
		{4B99BB62-759F-4D11-816C-477FB88BB3B7}.Release|Any CPU.Build.0 = Release|Any CPU
		{4B99BB62-759F-4D11-816C-477FB88BB3B7}.Release|x64.ActiveCfg = Release|Any CPU
		{4B99BB62-759F-4D11-816C-477FB88BB3B7}.Release|x64.Build.0 = Release|Any CPU
		{97D743BD-BF8B-4168-861A-3DCDC26DEBCB}.Debug|Any CPU.ActiveCfg = Debug|Any CPU
		{97D743BD-BF8B-4168-861A-3DCDC26DEBCB}.Debug|Any CPU.Build.0 = Debug|Any CPU
		{97D743BD-BF8B-4168-861A-3DCDC26DEBCB}.Debug|x64.ActiveCfg = Debug|x64
		{97D743BD-BF8B-4168-861A-3DCDC26DEBCB}.Debug|x64.Build.0 = Debug|x64
		{97D743BD-BF8B-4168-861A-3DCDC26DEBCB}.Release|Any CPU.ActiveCfg = Release|Any CPU
		{97D743BD-BF8B-4168-861A-3DCDC26DEBCB}.Release|Any CPU.Build.0 = Release|Any CPU
		{97D743BD-BF8B-4168-861A-3DCDC26DEBCB}.Release|x64.ActiveCfg = Release|x64
		{97D743BD-BF8B-4168-861A-3DCDC26DEBCB}.Release|x64.Build.0 = Release|x64
		{1519D436-6DA5-47EE-87A3-0807CB06F08E}.Debug|Any CPU.ActiveCfg = Debug|Any CPU
		{1519D436-6DA5-47EE-87A3-0807CB06F08E}.Debug|Any CPU.Build.0 = Debug|Any CPU
		{1519D436-6DA5-47EE-87A3-0807CB06F08E}.Debug|x64.ActiveCfg = Debug|Any CPU
		{1519D436-6DA5-47EE-87A3-0807CB06F08E}.Debug|x64.Build.0 = Debug|Any CPU
		{1519D436-6DA5-47EE-87A3-0807CB06F08E}.Release|Any CPU.ActiveCfg = Release|Any CPU
		{1519D436-6DA5-47EE-87A3-0807CB06F08E}.Release|Any CPU.Build.0 = Release|Any CPU
		{1519D436-6DA5-47EE-87A3-0807CB06F08E}.Release|x64.ActiveCfg = Release|Any CPU
		{1519D436-6DA5-47EE-87A3-0807CB06F08E}.Release|x64.Build.0 = Release|Any CPU
		{81A6C8AB-B9BA-4487-BE57-D7316BBDC668}.Debug|Any CPU.ActiveCfg = Debug|Any CPU
		{81A6C8AB-B9BA-4487-BE57-D7316BBDC668}.Debug|Any CPU.Build.0 = Debug|Any CPU
		{81A6C8AB-B9BA-4487-BE57-D7316BBDC668}.Debug|x64.ActiveCfg = Debug|Any CPU
		{81A6C8AB-B9BA-4487-BE57-D7316BBDC668}.Debug|x64.Build.0 = Debug|Any CPU
		{81A6C8AB-B9BA-4487-BE57-D7316BBDC668}.Release|Any CPU.ActiveCfg = Release|Any CPU
		{81A6C8AB-B9BA-4487-BE57-D7316BBDC668}.Release|Any CPU.Build.0 = Release|Any CPU
		{81A6C8AB-B9BA-4487-BE57-D7316BBDC668}.Release|x64.ActiveCfg = Release|Any CPU
		{81A6C8AB-B9BA-4487-BE57-D7316BBDC668}.Release|x64.Build.0 = Release|Any CPU
		{D27419C3-A1F7-4792-AB6A-525A40D168BF}.Debug|Any CPU.ActiveCfg = Debug|Any CPU
		{D27419C3-A1F7-4792-AB6A-525A40D168BF}.Debug|Any CPU.Build.0 = Debug|Any CPU
		{D27419C3-A1F7-4792-AB6A-525A40D168BF}.Debug|x64.ActiveCfg = Debug|Any CPU
		{D27419C3-A1F7-4792-AB6A-525A40D168BF}.Debug|x64.Build.0 = Debug|Any CPU
		{D27419C3-A1F7-4792-AB6A-525A40D168BF}.Release|Any CPU.ActiveCfg = Release|Any CPU
		{D27419C3-A1F7-4792-AB6A-525A40D168BF}.Release|Any CPU.Build.0 = Release|Any CPU
		{D27419C3-A1F7-4792-AB6A-525A40D168BF}.Release|x64.ActiveCfg = Release|Any CPU
		{D27419C3-A1F7-4792-AB6A-525A40D168BF}.Release|x64.Build.0 = Release|Any CPU
	EndGlobalSection
	GlobalSection(SolutionProperties) = preSolution
		HideSolutionNode = FALSE
	EndGlobalSection
	GlobalSection(ExtensibilityGlobals) = postSolution
		SolutionGuid = {0132F3EC-FA34-4EF8-92EA-C3FDF8904D3A}
	EndGlobalSection
EndGlobal
